
Microsoft Visual Studio Solution File, Format Version 12.00
# Visual Studio 15
VisualStudioVersion = 15.0.27130.2010
MinimumVisualStudioVersion = 10.0.40219.1
Project("{FAE04EC0-301F-11D3-BF4B-00C04F79EFBC}") = "NPOI_Demo", "NOPI_Demo\NPOI_Demo.csproj", "{A16CA56C-F00A-468A-8D82-6EC434FDEFD0}"
EndProject
Global
	GlobalSection(SolutionConfigurationPlatforms) = preSolution
		Debug|Any CPU = Debug|Any CPU
		Release|Any CPU = Release|Any CPU
	EndGlobalSection
	GlobalSection(ProjectConfigurationPlatforms) = postSolution
		{A16CA56C-F00A-468A-8D82-6EC434FDEFD0}.Debug|Any CPU.ActiveCfg = Debug|Any CPU
		{A16CA56C-F00A-468A-8D82-6EC434FDEFD0}.Debug|Any CPU.Build.0 = Debug|Any CPU
		{A16CA56C-F00A-468A-8D82-6EC434FDEFD0}.Release|Any CPU.ActiveCfg = Release|Any CPU
		{A16CA56C-F00A-468A-8D82-6EC434FDEFD0}.Release|Any CPU.Build.0 = Release|Any CPU
	EndGlobalSection
	GlobalSection(SolutionProperties) = preSolution
		HideSolutionNode = FALSE
	EndGlobalSection
	GlobalSection(ExtensibilityGlobals) = postSolution
		SolutionGuid = {B5B33963-8A32-4921-B29B-D9B18CF26BBD}
	EndGlobalSection
EndGlobal
